
Microsoft Visual Studio Solution File, Format Version 12.00
# Visual Studio 15
VisualStudioVersion = 15.0.28307.645
MinimumVisualStudioVersion = 10.0.40219.1
Project("{9A19103F-16F7-4668-BE54-9A1E7A4F7556}") = "Movies.WebApi", "FavoriteMovies\Movies.WebApi.csproj", "{F26B84E8-B732-4D54-9521-3171D4D91A26}"
EndProject
Project("{FAE04EC0-301F-11D3-BF4B-00C04F79EFBC}") = "DataAccess", "DataAccess\DataAccess.csproj", "{606C0F7B-5C53-4234-B22A-011E1A30E6CD}"
EndProject
Project("{FAE04EC0-301F-11D3-BF4B-00C04F79EFBC}") = "DataModels", "DataModels\DataModels.csproj", "{A55634A5-D0B8-475C-B491-39340FD247EB}"
EndProject
Project("{FAE04EC0-301F-11D3-BF4B-00C04F79EFBC}") = "Services", "Services\Services.csproj", "{15303035-0150-4B69-8AA0-47335408E24B}"
EndProject
Project("{FAE04EC0-301F-11D3-BF4B-00C04F79EFBC}") = "Models", "Models\Models.csproj", "{E5213CE0-921D-412A-94C0-10EF9326E4F0}"
EndProject
Global
	GlobalSection(SolutionConfigurationPlatforms) = preSolution
		Debug|Any CPU = Debug|Any CPU
		Release|Any CPU = Release|Any CPU
	EndGlobalSection
	GlobalSection(ProjectConfigurationPlatforms) = postSolution
		{F26B84E8-B732-4D54-9521-3171D4D91A26}.Debug|Any CPU.ActiveCfg = Debug|Any CPU
		{F26B84E8-B732-4D54-9521-3171D4D91A26}.Debug|Any CPU.Build.0 = Debug|Any CPU
		{F26B84E8-B732-4D54-9521-3171D4D91A26}.Release|Any CPU.ActiveCfg = Release|Any CPU
		{F26B84E8-B732-4D54-9521-3171D4D91A26}.Release|Any CPU.Build.0 = Release|Any CPU
		{606C0F7B-5C53-4234-B22A-011E1A30E6CD}.Debug|Any CPU.ActiveCfg = Debug|Any CPU
		{606C0F7B-5C53-4234-B22A-011E1A30E6CD}.Debug|Any CPU.Build.0 = Debug|Any CPU
		{606C0F7B-5C53-4234-B22A-011E1A30E6CD}.Release|Any CPU.ActiveCfg = Release|Any CPU
		{606C0F7B-5C53-4234-B22A-011E1A30E6CD}.Release|Any CPU.Build.0 = Release|Any CPU
		{A55634A5-D0B8-475C-B491-39340FD247EB}.Debug|Any CPU.ActiveCfg = Debug|Any CPU
		{A55634A5-D0B8-475C-B491-39340FD247EB}.Debug|Any CPU.Build.0 = Debug|Any CPU
		{A55634A5-D0B8-475C-B491-39340FD247EB}.Release|Any CPU.ActiveCfg = Release|Any CPU
		{A55634A5-D0B8-475C-B491-39340FD247EB}.Release|Any CPU.Build.0 = Release|Any CPU
		{15303035-0150-4B69-8AA0-47335408E24B}.Debug|Any CPU.ActiveCfg = Debug|Any CPU
		{15303035-0150-4B69-8AA0-47335408E24B}.Debug|Any CPU.Build.0 = Debug|Any CPU
		{15303035-0150-4B69-8AA0-47335408E24B}.Release|Any CPU.ActiveCfg = Release|Any CPU
		{15303035-0150-4B69-8AA0-47335408E24B}.Release|Any CPU.Build.0 = Release|Any CPU
		{E5213CE0-921D-412A-94C0-10EF9326E4F0}.Debug|Any CPU.ActiveCfg = Debug|Any CPU
		{E5213CE0-921D-412A-94C0-10EF9326E4F0}.Debug|Any CPU.Build.0 = Debug|Any CPU
		{E5213CE0-921D-412A-94C0-10EF9326E4F0}.Release|Any CPU.ActiveCfg = Release|Any CPU
		{E5213CE0-921D-412A-94C0-10EF9326E4F0}.Release|Any CPU.Build.0 = Release|Any CPU
	EndGlobalSection
	GlobalSection(SolutionProperties) = preSolution
		HideSolutionNode = FALSE
	EndGlobalSection
	GlobalSection(ExtensibilityGlobals) = postSolution
		SolutionGuid = {3E523D73-24B7-4BD2-9CCC-3BF5667F87B0}
	EndGlobalSection
EndGlobal
